
Microsoft Visual Studio Solution File, Format Version 12.00
# Visual Studio Version 17
VisualStudioVersion = 17.0.31903.59
MinimumVisualStudioVersion = 10.0.40219.1
Project("{9A19103F-16F7-4668-BE54-9A1E7A4F7556}") = "TrackOrders", "TrackOrders\TrackOrders.csproj", "{0AF224DB-3AC4-4F1C-A897-6F1AF00CE106}"
EndProject
Project("{FAE04EC0-301F-11D3-BF4B-00C04F79EFBC}") = "TrackOrders.Test", "TrackOrders.Test\TrackOrders.Test.csproj", "{7A65A8FF-606C-4AF1-9DE6-8F1992CEC08B}"
EndProject
Global
	GlobalSection(SolutionConfigurationPlatforms) = preSolution
		Debug|Any CPU = Debug|Any CPU
		Release|Any CPU = Release|Any CPU
	EndGlobalSection
	GlobalSection(ProjectConfigurationPlatforms) = postSolution
		{0AF224DB-3AC4-4F1C-A897-6F1AF00CE106}.Debug|Any CPU.ActiveCfg = Debug|Any CPU
		{0AF224DB-3AC4-4F1C-A897-6F1AF00CE106}.Debug|Any CPU.Build.0 = Debug|Any CPU
		{0AF224DB-3AC4-4F1C-A897-6F1AF00CE106}.Release|Any CPU.ActiveCfg = Release|Any CPU
		{0AF224DB-3AC4-4F1C-A897-6F1AF00CE106}.Release|Any CPU.Build.0 = Release|Any CPU
		{7A65A8FF-606C-4AF1-9DE6-8F1992CEC08B}.Debug|Any CPU.ActiveCfg = Debug|Any CPU
		{7A65A8FF-606C-4AF1-9DE6-8F1992CEC08B}.Debug|Any CPU.Build.0 = Debug|Any CPU
		{7A65A8FF-606C-4AF1-9DE6-8F1992CEC08B}.Release|Any CPU.ActiveCfg = Release|Any CPU
		{7A65A8FF-606C-4AF1-9DE6-8F1992CEC08B}.Release|Any CPU.Build.0 = Release|Any CPU
	EndGlobalSection
	GlobalSection(SolutionProperties) = preSolution
		HideSolutionNode = FALSE
	EndGlobalSection
	GlobalSection(ExtensibilityGlobals) = postSolution
		SolutionGuid = {20D49F27-05EA-48FE-BAD8-6D4F3045AD07}
	EndGlobalSection
EndGlobal
